
Microsoft Visual Studio Solution File, Format Version 12.00
# Visual Studio Version 17
VisualStudioVersion = 17.0.32014.148
MinimumVisualStudioVersion = 10.0.40219.1
Project("{FAE04EC0-301F-11D3-BF4B-00C04F79EFBC}") = "ProfileWeb", "ProfileWeb\ProfileWeb.csproj", "{831959A0-8C97-437F-9F6F-7B1EC96EE8E3}"
EndProject
Global
	GlobalSection(SolutionConfigurationPlatforms) = preSolution
		Debug|Any CPU = Debug|Any CPU
		Release|Any CPU = Release|Any CPU
	EndGlobalSection
	GlobalSection(ProjectConfigurationPlatforms) = postSolution
		{831959A0-8C97-437F-9F6F-7B1EC96EE8E3}.Debug|Any CPU.ActiveCfg = Debug|Any CPU
		{831959A0-8C97-437F-9F6F-7B1EC96EE8E3}.Debug|Any CPU.Build.0 = Debug|Any CPU
		{831959A0-8C97-437F-9F6F-7B1EC96EE8E3}.Release|Any CPU.ActiveCfg = Release|Any CPU
		{831959A0-8C97-437F-9F6F-7B1EC96EE8E3}.Release|Any CPU.Build.0 = Release|Any CPU
	EndGlobalSection
	GlobalSection(SolutionProperties) = preSolution
		HideSolutionNode = FALSE
	EndGlobalSection
	GlobalSection(ExtensibilityGlobals) = postSolution
		SolutionGuid = {7B1BDCB0-3F72-420E-8951-7D2AFADD9FD5}
	EndGlobalSection
EndGlobal
